{
  "requires": true,
  "lockfileVersion": 1,
  "dependencies": {
    "@mdi/font": {
      "version": "4.8.95",
      "resolved": "https://registry.npmjs.org/@mdi/font/-/font-4.8.95.tgz",
      "integrity": "sha512-mfEjd6kkuheZ15CBU7g/q+De9+dah/SEgVH0uZsgCJTSYa+CkXIen35aNyHoixgcEfPV4Or0NLJvyYM5CXUnbQ=="
    }
  }
}
